// !$*UTF8*$!
{
	archiveVersion = 1;
	classes = {
	};
	objectVersion = 50;
	objects = {

/* Begin PBXBuildFile section */
		B85AFAB72584914F008F23E2 /* offer_03.cpp in Sources */ = {isa = PBXBuildFile; fileRef = B85AFAB62584914F008F23E2 /* offer_03.cpp */; };
		B85AFABA258491CF008F23E2 /* offer_04_240.cpp in Sources */ = {isa = PBXBuildFile; fileRef = B85AFAB9258491CF008F23E2 /* offer_04_240.cpp */; };
		B85AFABE25849724008F23E2 /* offer_05.cpp in Sources */ = {isa = PBXBuildFile; fileRef = B85AFABD25849724008F23E2 /* offer_05.cpp */; };
		B85F8D4B2585EED600AAD877 /* offer_06.cpp in Sources */ = {isa = PBXBuildFile; fileRef = B85F8D4A2585EED600AAD877 /* offer_06.cpp */; };
		B85F8D4E2585EF7400AAD877 /* 217.cpp in Sources */ = {isa = PBXBuildFile; fileRef = B85F8D4D2585EF7400AAD877 /* 217.cpp */; };
		B86F303C25899FBB0073528F /* offer_09.cpp in Sources */ = {isa = PBXBuildFile; fileRef = B86F303B25899FBB0073528F /* offer_09.cpp */; };
		B86F303F2589A2650073528F /* offer_10-I.cpp in Sources */ = {isa = PBXBuildFile; fileRef = B86F303E2589A2650073528F /* offer_10-I.cpp */; };
		B86F30422589A8100073528F /* 290.cpp in Sources */ = {isa = PBXBuildFile; fileRef = B86F30412589A8100073528F /* 290.cpp */; };
		B879040A2586F263000FED34 /* 49.cpp in Sources */ = {isa = PBXBuildFile; fileRef = B87904092586F263000FED34 /* 49.cpp */; };
		B8790412258769A0000FED34 /* offer_07_105.cpp in Sources */ = {isa = PBXBuildFile; fileRef = B8790411258769A0000FED34 /* offer_07_105.cpp */; };
		B8BA99B625848B560087145C /* main.cpp in Sources */ = {isa = PBXBuildFile; fileRef = B8BA99B525848B560087145C /* main.cpp */; };
		B8BA99C525848B720087145C /* 1.cpp in Sources */ = {isa = PBXBuildFile; fileRef = B8BA99BD25848B720087145C /* 1.cpp */; };
		B8BA99C625848B720087145C /* 649.cpp in Sources */ = {isa = PBXBuildFile; fileRef = B8BA99BE25848B720087145C /* 649.cpp */; };
		B8BA99C725848B720087145C /* 62.cpp in Sources */ = {isa = PBXBuildFile; fileRef = B8BA99BF25848B720087145C /* 62.cpp */; };
		B8BA99C825848B720087145C /* 1370.cpp in Sources */ = {isa = PBXBuildFile; fileRef = B8BA99C025848B720087145C /* 1370.cpp */; };
		B8BA99C925848B720087145C /* 860.cpp in Sources */ = {isa = PBXBuildFile; fileRef = B8BA99C125848B720087145C /* 860.cpp */; };
		B8BA99CA25848B720087145C /* 204.cpp in Sources */ = {isa = PBXBuildFile; fileRef = B8BA99C225848B720087145C /* 204.cpp */; };
		B8BA99CB25848B720087145C /* 164.cpp in Sources */ = {isa = PBXBuildFile; fileRef = B8BA99C325848B720087145C /* 164.cpp */; };
		B8BA99CC25848B720087145C /* 118.cpp in Sources */ = {isa = PBXBuildFile; fileRef = B8BA99C425848B720087145C /* 118.cpp */; };
		B8BA99D025848B920087145C /* 912.cpp in Sources */ = {isa = PBXBuildFile; fileRef = B8BA99CF25848B920087145C /* 912.cpp */; };
/* End PBXBuildFile section */

/* Begin PBXCopyFilesBuildPhase section */
		B8BA99B025848B560087145C /* CopyFiles */ = {
			isa = PBXCopyFilesBuildPhase;
			buildActionMask = 2147483647;
			dstPath = /usr/share/man/man1/;
			dstSubfolderSpec = 0;
			files = (
			);
			runOnlyForDeploymentPostprocessing = 1;
		};
/* End PBXCopyFilesBuildPhase section */

/* Begin PBXFileReference section */
		B85AFAB62584914F008F23E2 /* offer_03.cpp */ = {isa = PBXFileReference; lastKnownFileType = sourcecode.cpp.cpp; path = offer_03.cpp; sourceTree = "<group>"; };
		B85AFAB9258491CF008F23E2 /* offer_04_240.cpp */ = {isa = PBXFileReference; lastKnownFileType = sourcecode.cpp.cpp; path = offer_04_240.cpp; sourceTree = "<group>"; };
		B85AFABD25849724008F23E2 /* offer_05.cpp */ = {isa = PBXFileReference; lastKnownFileType = sourcecode.cpp.cpp; path = offer_05.cpp; sourceTree = "<group>"; };
		B85F8D4A2585EED600AAD877 /* offer_06.cpp */ = {isa = PBXFileReference; lastKnownFileType = sourcecode.cpp.cpp; path = offer_06.cpp; sourceTree = "<group>"; };
		B85F8D4D2585EF7400AAD877 /* 217.cpp */ = {isa = PBXFileReference; lastKnownFileType = sourcecode.cpp.cpp; path = 217.cpp; sourceTree = "<group>"; };
		B86F303B25899FBB0073528F /* offer_09.cpp */ = {isa = PBXFileReference; lastKnownFileType = sourcecode.cpp.cpp; path = offer_09.cpp; sourceTree = "<group>"; };
		B86F303E2589A2650073528F /* offer_10-I.cpp */ = {isa = PBXFileReference; lastKnownFileType = sourcecode.cpp.cpp; path = "offer_10-I.cpp"; sourceTree = "<group>"; };
		B86F30412589A8100073528F /* 290.cpp */ = {isa = PBXFileReference; lastKnownFileType = sourcecode.cpp.cpp; path = 290.cpp; sourceTree = "<group>"; };
		B87904092586F263000FED34 /* 49.cpp */ = {isa = PBXFileReference; lastKnownFileType = sourcecode.cpp.cpp; path = 49.cpp; sourceTree = "<group>"; };
		B8790411258769A0000FED34 /* offer_07_105.cpp */ = {isa = PBXFileReference; lastKnownFileType = sourcecode.cpp.cpp; path = offer_07_105.cpp; sourceTree = "<group>"; };
		B8BA99B225848B560087145C /* practice_leetcode_cpp */ = {isa = PBXFileReference; explicitFileType = "compiled.mach-o.executable"; includeInIndex = 0; path = practice_leetcode_cpp; sourceTree = BUILT_PRODUCTS_DIR; };
		B8BA99B525848B560087145C /* main.cpp */ = {isa = PBXFileReference; lastKnownFileType = sourcecode.cpp.cpp; path = main.cpp; sourceTree = "<group>"; };
		B8BA99BD25848B720087145C /* 1.cpp */ = {isa = PBXFileReference; fileEncoding = 4; lastKnownFileType = sourcecode.cpp.cpp; path = 1.cpp; sourceTree = "<group>"; };
		B8BA99BE25848B720087145C /* 649.cpp */ = {isa = PBXFileReference; fileEncoding = 4; lastKnownFileType = sourcecode.cpp.cpp; path = 649.cpp; sourceTree = "<group>"; };
		B8BA99BF25848B720087145C /* 62.cpp */ = {isa = PBXFileReference; fileEncoding = 4; lastKnownFileType = sourcecode.cpp.cpp; path = 62.cpp; sourceTree = "<group>"; };
		B8BA99C025848B720087145C /* 1370.cpp */ = {isa = PBXFileReference; fileEncoding = 4; lastKnownFileType = sourcecode.cpp.cpp; path = 1370.cpp; sourceTree = "<group>"; };
		B8BA99C125848B720087145C /* 860.cpp */ = {isa = PBXFileReference; fileEncoding = 4; lastKnownFileType = sourcecode.cpp.cpp; path = 860.cpp; sourceTree = "<group>"; };
		B8BA99C225848B720087145C /* 204.cpp */ = {isa = PBXFileReference; fileEncoding = 4; lastKnownFileType = sourcecode.cpp.cpp; path = 204.cpp; sourceTree = "<group>"; };
		B8BA99C325848B720087145C /* 164.cpp */ = {isa = PBXFileReference; fileEncoding = 4; lastKnownFileType = sourcecode.cpp.cpp; path = 164.cpp; sourceTree = "<group>"; };
		B8BA99C425848B720087145C /* 118.cpp */ = {isa = PBXFileReference; fileEncoding = 4; lastKnownFileType = sourcecode.cpp.cpp; path = 118.cpp; sourceTree = "<group>"; };
		B8BA99CF25848B920087145C /* 912.cpp */ = {isa = PBXFileReference; fileEncoding = 4; lastKnownFileType = sourcecode.cpp.cpp; path = 912.cpp; sourceTree = "<group>"; };
/* End PBXFileReference section */

/* Begin PBXFrameworksBuildPhase section */
		B8BA99AF25848B560087145C /* Frameworks */ = {
			isa = PBXFrameworksBuildPhase;
			buildActionMask = 2147483647;
			files = (
			);
			runOnlyForDeploymentPostprocessing = 0;
		};
/* End PBXFrameworksBuildPhase section */

/* Begin PBXGroup section */
		B85AFAB525849137008F23E2 /* offer */ = {
			isa = PBXGroup;
			children = (
				B85AFAB62584914F008F23E2 /* offer_03.cpp */,
				B85AFAB9258491CF008F23E2 /* offer_04_240.cpp */,
				B85AFABD25849724008F23E2 /* offer_05.cpp */,
				B85F8D4A2585EED600AAD877 /* offer_06.cpp */,
				B8790411258769A0000FED34 /* offer_07_105.cpp */,
				B86F303B25899FBB0073528F /* offer_09.cpp */,
				B86F303E2589A2650073528F /* offer_10-I.cpp */,
			);
			path = offer;
			sourceTree = "<group>";
		};
		B8BA99A925848B560087145C = {
			isa = PBXGroup;
			children = (
				B8BA99B425848B560087145C /* practice_leetcode_cpp */,
				B8BA99B325848B560087145C /* Products */,
			);
			sourceTree = "<group>";
		};
		B8BA99B325848B560087145C /* Products */ = {
			isa = PBXGroup;
			children = (
				B8BA99B225848B560087145C /* practice_leetcode_cpp */,
			);
			name = Products;
			sourceTree = "<group>";
		};
		B8BA99B425848B560087145C /* practice_leetcode_cpp */ = {
			isa = PBXGroup;
			children = (
				B8BA99B525848B560087145C /* main.cpp */,
				B85AFAB525849137008F23E2 /* offer */,
				B8BA99CE25848B920087145C /* sort */,
				B8BA99BD25848B720087145C /* 1.cpp */,
				B87904092586F263000FED34 /* 49.cpp */,
				B8BA99BF25848B720087145C /* 62.cpp */,
				B8BA99C425848B720087145C /* 118.cpp */,
				B8BA99C325848B720087145C /* 164.cpp */,
				B8BA99C225848B720087145C /* 204.cpp */,
				B85F8D4D2585EF7400AAD877 /* 217.cpp */,
				B86F30412589A8100073528F /* 290.cpp */,
				B8BA99BE25848B720087145C /* 649.cpp */,
				B8BA99C125848B720087145C /* 860.cpp */,
				B8BA99C025848B720087145C /* 1370.cpp */,
			);
			path = practice_leetcode_cpp;
			sourceTree = "<group>";
		};
		B8BA99CE25848B920087145C /* sort */ = {
			isa = PBXGroup;
			children = (
				B8BA99CF25848B920087145C /* 912.cpp */,
			);
			path = sort;
			sourceTree = "<group>";
		};
/* End PBXGroup section */

/* Begin PBXNativeTarget section */
		B8BA99B125848B560087145C /* practice_leetcode_cpp */ = {
			isa = PBXNativeTarget;
			buildConfigurationList = B8BA99B925848B560087145C /* Build configuration list for PBXNativeTarget "practice_leetcode_cpp" */;
			buildPhases = (
				B8BA99AE25848B560087145C /* Sources */,
				B8BA99AF25848B560087145C /* Frameworks */,
				B8BA99B025848B560087145C /* CopyFiles */,
			);
			buildRules = (
			);
			dependencies = (
			);
			name = practice_leetcode_cpp;
			productName = practice_leetcode_cpp;
			productReference = B8BA99B225848B560087145C /* practice_leetcode_cpp */;
			productType = "com.apple.product-type.tool";
		};
/* End PBXNativeTarget section */

/* Begin PBXProject section */
		B8BA99AA25848B560087145C /* Project object */ = {
			isa = PBXProject;
			attributes = {
				LastUpgradeCheck = 1220;
				TargetAttributes = {
					B8BA99B125848B560087145C = {
						CreatedOnToolsVersion = 12.2;
					};
				};
			};
			buildConfigurationList = B8BA99AD25848B560087145C /* Build configuration list for PBXProject "practice_leetcode_cpp" */;
			compatibilityVersion = "Xcode 9.3";
			developmentRegion = en;
			hasScannedForEncodings = 0;
			knownRegions = (
				en,
				Base,
			);
			mainGroup = B8BA99A925848B560087145C;
			productRefGroup = B8BA99B325848B560087145C /* Products */;
			projectDirPath = "";
			projectRoot = "";
			targets = (
				B8BA99B125848B560087145C /* practice_leetcode_cpp */,
			);
		};
/* End PBXProject section */

/* Begin PBXSourcesBuildPhase section */
		B8BA99AE25848B560087145C /* Sources */ = {
			isa = PBXSourcesBuildPhase;
			buildActionMask = 2147483647;
			files = (
				B8BA99C925848B720087145C /* 860.cpp in Sources */,
				B8BA99C625848B720087145C /* 649.cpp in Sources */,
				B86F303F2589A2650073528F /* offer_10-I.cpp in Sources */,
				B86F30422589A8100073528F /* 290.cpp in Sources */,
				B85F8D4B2585EED600AAD877 /* offer_06.cpp in Sources */,
				B85AFABA258491CF008F23E2 /* offer_04_240.cpp in Sources */,
				B879040A2586F263000FED34 /* 49.cpp in Sources */,
				B8BA99B625848B560087145C /* main.cpp in Sources */,
				B8790412258769A0000FED34 /* offer_07_105.cpp in Sources */,
				B8BA99CC25848B720087145C /* 118.cpp in Sources */,
				B8BA99D025848B920087145C /* 912.cpp in Sources */,
				B85AFAB72584914F008F23E2 /* offer_03.cpp in Sources */,
				B8BA99CB25848B720087145C /* 164.cpp in Sources */,
				B86F303C25899FBB0073528F /* offer_09.cpp in Sources */,
				B8BA99C525848B720087145C /* 1.cpp in Sources */,
				B8BA99C725848B720087145C /* 62.cpp in Sources */,
				B85AFABE25849724008F23E2 /* offer_05.cpp in Sources */,
				B85F8D4E2585EF7400AAD877 /* 217.cpp in Sources */,
				B8BA99CA25848B720087145C /* 204.cpp in Sources */,
				B8BA99C825848B720087145C /* 1370.cpp in Sources */,
			);
			runOnlyForDeploymentPostprocessing = 0;
		};
/* End PBXSourcesBuildPhase section */

/* Begin XCBuildConfiguration section */
		B8BA99B725848B560087145C /* Debug */ = {
			isa = XCBuildConfiguration;
			buildSettings = {
				ALWAYS_SEARCH_USER_PATHS = NO;
				CLANG_ANALYZER_NONNULL = YES;
				CLANG_ANALYZER_NUMBER_OBJECT_CONVERSION = YES_AGGRESSIVE;
				CLANG_CXX_LANGUAGE_STANDARD = "gnu++14";
				CLANG_CXX_LIBRARY = "libc++";
				CLANG_ENABLE_MODULES = YES;
				CLANG_ENABLE_OBJC_ARC = YES;
				CLANG_ENABLE_OBJC_WEAK = YES;
				CLANG_WARN_BLOCK_CAPTURE_AUTORELEASING = YES;
				CLANG_WARN_BOOL_CONVERSION = YES;
				CLANG_WARN_COMMA = YES;
				CLANG_WARN_CONSTANT_CONVERSION = YES;
				CLANG_WARN_DEPRECATED_OBJC_IMPLEMENTATIONS = YES;
				CLANG_WARN_DIRECT_OBJC_ISA_USAGE = YES_ERROR;
				CLANG_WARN_DOCUMENTATION_COMMENTS = YES;
				CLANG_WARN_EMPTY_BODY = YES;
				CLANG_WARN_ENUM_CONVERSION = YES;
				CLANG_WARN_INFINITE_RECURSION = YES;
				CLANG_WARN_INT_CONVERSION = YES;
				CLANG_WARN_NON_LITERAL_NULL_CONVERSION = YES;
				CLANG_WARN_OBJC_IMPLICIT_RETAIN_SELF = YES;
				CLANG_WARN_OBJC_LITERAL_CONVERSION = YES;
				CLANG_WARN_OBJC_ROOT_CLASS = YES_ERROR;
				CLANG_WARN_QUOTED_INCLUDE_IN_FRAMEWORK_HEADER = YES;
				CLANG_WARN_RANGE_LOOP_ANALYSIS = YES;
				CLANG_WARN_STRICT_PROTOTYPES = YES;
				CLANG_WARN_SUSPICIOUS_MOVE = YES;
				CLANG_WARN_UNGUARDED_AVAILABILITY = YES_AGGRESSIVE;
				CLANG_WARN_UNREACHABLE_CODE = YES;
				CLANG_WARN__DUPLICATE_METHOD_MATCH = YES;
				COPY_PHASE_STRIP = NO;
				DEBUG_INFORMATION_FORMAT = dwarf;
				ENABLE_STRICT_OBJC_MSGSEND = YES;
				ENABLE_TESTABILITY = YES;
				GCC_C_LANGUAGE_STANDARD = gnu11;
				GCC_DYNAMIC_NO_PIC = NO;
				GCC_NO_COMMON_BLOCKS = YES;
				GCC_OPTIMIZATION_LEVEL = 0;
				GCC_PREPROCESSOR_DEFINITIONS = (
					"DEBUG=1",
					"$(inherited)",
				);
				GCC_WARN_64_TO_32_BIT_CONVERSION = YES;
				GCC_WARN_ABOUT_RETURN_TYPE = YES_ERROR;
				GCC_WARN_UNDECLARED_SELECTOR = YES;
				GCC_WARN_UNINITIALIZED_AUTOS = YES_AGGRESSIVE;
				GCC_WARN_UNUSED_FUNCTION = YES;
				GCC_WARN_UNUSED_VARIABLE = YES;
				MACOSX_DEPLOYMENT_TARGET = 10.15;
				MTL_ENABLE_DEBUG_INFO = INCLUDE_SOURCE;
				MTL_FAST_MATH = YES;
				ONLY_ACTIVE_ARCH = YES;
				SDKROOT = macosx;
			};
			name = Debug;
		};
		B8BA99B825848B560087145C /* Release */ = {
			isa = XCBuildConfiguration;
			buildSettings = {
				ALWAYS_SEARCH_USER_PATHS = NO;
				CLANG_ANALYZER_NONNULL = YES;
				CLANG_ANALYZER_NUMBER_OBJECT_CONVERSION = YES_AGGRESSIVE;
				CLANG_CXX_LANGUAGE_STANDARD = "gnu++14";
				CLANG_CXX_LIBRARY = "libc++";
				CLANG_ENABLE_MODULES = YES;
				CLANG_ENABLE_OBJC_ARC = YES;
				CLANG_ENABLE_OBJC_WEAK = YES;
				CLANG_WARN_BLOCK_CAPTURE_AUTORELEASING = YES;
				CLANG_WARN_BOOL_CONVERSION = YES;
				CLANG_WARN_COMMA = YES;
				CLANG_WARN_CONSTANT_CONVERSION = YES;
				CLANG_WARN_DEPRECATED_OBJC_IMPLEMENTATIONS = YES;
				CLANG_WARN_DIRECT_OBJC_ISA_USAGE = YES_ERROR;
				CLANG_WARN_DOCUMENTATION_COMMENTS = YES;
				CLANG_WARN_EMPTY_BODY = YES;
				CLANG_WARN_ENUM_CONVERSION = YES;
				CLANG_WARN_INFINITE_RECURSION = YES;
				CLANG_WARN_INT_CONVERSION = YES;
				CLANG_WARN_NON_LITERAL_NULL_CONVERSION = YES;
				CLANG_WARN_OBJC_IMPLICIT_RETAIN_SELF = YES;
				CLANG_WARN_OBJC_LITERAL_CONVERSION = YES;
				CLANG_WARN_OBJC_ROOT_CLASS = YES_ERROR;
				CLANG_WARN_QUOTED_INCLUDE_IN_FRAMEWORK_HEADER = YES;
				CLANG_WARN_RANGE_LOOP_ANALYSIS = YES;
				CLANG_WARN_STRICT_PROTOTYPES = YES;
				CLANG_WARN_SUSPICIOUS_MOVE = YES;
				CLANG_WARN_UNGUARDED_AVAILABILITY = YES_AGGRESSIVE;
				CLANG_WARN_UNREACHABLE_CODE = YES;
				CLANG_WARN__DUPLICATE_METHOD_MATCH = YES;
				COPY_PHASE_STRIP = NO;
				DEBUG_INFORMATION_FORMAT = "dwarf-with-dsym";
				ENABLE_NS_ASSERTIONS = NO;
				ENABLE_STRICT_OBJC_MSGSEND = YES;
				GCC_C_LANGUAGE_STANDARD = gnu11;
				GCC_NO_COMMON_BLOCKS = YES;
				GCC_WARN_64_TO_32_BIT_CONVERSION = YES;
				GCC_WARN_ABOUT_RETURN_TYPE = YES_ERROR;
				GCC_WARN_UNDECLARED_SELECTOR = YES;
				GCC_WARN_UNINITIALIZED_AUTOS = YES_AGGRESSIVE;
				GCC_WARN_UNUSED_FUNCTION = YES;
				GCC_WARN_UNUSED_VARIABLE = YES;
				MACOSX_DEPLOYMENT_TARGET = 10.15;
				MTL_ENABLE_DEBUG_INFO = NO;
				MTL_FAST_MATH = YES;
				SDKROOT = macosx;
			};
			name = Release;
		};
		B8BA99BA25848B560087145C /* Debug */ = {
			isa = XCBuildConfiguration;
			buildSettings = {
				CODE_SIGN_STYLE = Automatic;
				PRODUCT_NAME = "$(TARGET_NAME)";
			};
			name = Debug;
		};
		B8BA99BB25848B560087145C /* Release */ = {
			isa = XCBuildConfiguration;
			buildSettings = {
				CODE_SIGN_STYLE = Automatic;
				PRODUCT_NAME = "$(TARGET_NAME)";
			};
			name = Release;
		};
/* End XCBuildConfiguration section */

/* Begin XCConfigurationList section */
		B8BA99AD25848B560087145C /* Build configuration list for PBXProject "practice_leetcode_cpp" */ = {
			isa = XCConfigurationList;
			buildConfigurations = (
				B8BA99B725848B560087145C /* Debug */,
				B8BA99B825848B560087145C /* Release */,
			);
			defaultConfigurationIsVisible = 0;
			defaultConfigurationName = Release;
		};
		B8BA99B925848B560087145C /* Build configuration list for PBXNativeTarget "practice_leetcode_cpp" */ = {
			isa = XCConfigurationList;
			buildConfigurations = (
				B8BA99BA25848B560087145C /* Debug */,
				B8BA99BB25848B560087145C /* Release */,
			);
			defaultConfigurationIsVisible = 0;
			defaultConfigurationName = Release;
		};
/* End XCConfigurationList section */
	};
	rootObject = B8BA99AA25848B560087145C /* Project object */;
}
